// !$*UTF8*$!
{
	archiveVersion = 1;
	classes = {
	};
	objectVersion = 51;
	objects = {

/* Begin PBXBuildFile section */
		DE18E8F7035870AFF4C32527 /* Pods_Dance_Course.framework in Frameworks */ = {isa = PBXBuildFile; fileRef = D8DBB249E7FEC32A3CC7AFB9 /* Pods_Dance_Course.framework */; };
		EF0D4FE627B6BC3B00B62482 /* Main.storyboard in Resources */ = {isa = PBXBuildFile; fileRef = EF0D4FE527B6BC3B00B62482 /* Main.storyboard */; };
		EF0D4FE827B6BF3100B62482 /* NSObject+Extension.swift in Sources */ = {isa = PBXBuildFile; fileRef = EF0D4FE727B6BF3100B62482 /* NSObject+Extension.swift */; };
		EF0D4FEA27B6BF5C00B62482 /* StoryboardsEnum.swift in Sources */ = {isa = PBXBuildFile; fileRef = EF0D4FE927B6BF5C00B62482 /* StoryboardsEnum.swift */; };
		EF0D4FF627B8564000B62482 /* ProfileViewModel.swift in Sources */ = {isa = PBXBuildFile; fileRef = EF0D4FF527B8564000B62482 /* ProfileViewModel.swift */; };
		EF0D4FF827B8564C00B62482 /* ProfileViewController.swift in Sources */ = {isa = PBXBuildFile; fileRef = EF0D4FF727B8564C00B62482 /* ProfileViewController.swift */; };
		EF0D4FFA27B8565B00B62482 /* ProfileViewInput.swift in Sources */ = {isa = PBXBuildFile; fileRef = EF0D4FF927B8565B00B62482 /* ProfileViewInput.swift */; };
		EF0D4FFC27B8566A00B62482 /* ProfileViewOutput.swift in Sources */ = {isa = PBXBuildFile; fileRef = EF0D4FFB27B8566A00B62482 /* ProfileViewOutput.swift */; };
		EF0D4FFE27B8567800B62482 /* ProfileCoordinator.swift in Sources */ = {isa = PBXBuildFile; fileRef = EF0D4FFD27B8567800B62482 /* ProfileCoordinator.swift */; };
		EF0D500027B8572900B62482 /* ProfileModuleFactory.swift in Sources */ = {isa = PBXBuildFile; fileRef = EF0D4FFF27B8572900B62482 /* ProfileModuleFactory.swift */; };
		EF0D500527B86BC800B62482 /* Localizable.strings in Resources */ = {isa = PBXBuildFile; fileRef = EF0D500727B86BC800B62482 /* Localizable.strings */; };
		EF0D501127B92B6000B62482 /* ModalNavigationBar.xib in Resources */ = {isa = PBXBuildFile; fileRef = EF0D501027B92B6000B62482 /* ModalNavigationBar.xib */; };
		EF0D501627B982E900B62482 /* DashboardNavigationView.xib in Resources */ = {isa = PBXBuildFile; fileRef = EF0D501527B982E900B62482 /* DashboardNavigationView.xib */; };
		EF0D501827B982F900B62482 /* DashboardNavigationView.swift in Sources */ = {isa = PBXBuildFile; fileRef = EF0D501727B982F800B62482 /* DashboardNavigationView.swift */; };
		EF0D501A27B9B19900B62482 /* UIWindow+Extension.swift in Sources */ = {isa = PBXBuildFile; fileRef = EF0D501927B9B19900B62482 /* UIWindow+Extension.swift */; };
		EF20F3B427C0523D00197067 /* SFProDisplay-Black.ttf in Resources */ = {isa = PBXBuildFile; fileRef = EF2B99B727BEB52B0059F6B6 /* SFProDisplay-Black.ttf */; };
		EF20F3B527C0524100197067 /* SFProDisplay-Bold.ttf in Resources */ = {isa = PBXBuildFile; fileRef = EF2B99BB27BEB52B0059F6B6 /* SFProDisplay-Bold.ttf */; };
		EF20F3B627C0524300197067 /* SFProDisplay-Light.ttf in Resources */ = {isa = PBXBuildFile; fileRef = EF2B99B827BEB52B0059F6B6 /* SFProDisplay-Light.ttf */; };
		EF20F3B727C0524600197067 /* SFProDisplay-Medium.ttf in Resources */ = {isa = PBXBuildFile; fileRef = EF2B99B927BEB52B0059F6B6 /* SFProDisplay-Medium.ttf */; };
		EF20F3B827C0524800197067 /* SFProDisplay-Regular.ttf in Resources */ = {isa = PBXBuildFile; fileRef = EF2B99B527BEB52B0059F6B6 /* SFProDisplay-Regular.ttf */; };
		EF20F3B927C0524A00197067 /* SFProDisplay-Semibold.ttf in Resources */ = {isa = PBXBuildFile; fileRef = EF2B99B627BEB52B0059F6B6 /* SFProDisplay-Semibold.ttf */; };
		EF20F3BA27C0524C00197067 /* SFProDisplay-Thin.ttf in Resources */ = {isa = PBXBuildFile; fileRef = EF2B99BA27BEB52B0059F6B6 /* SFProDisplay-Thin.ttf */; };
		EF20F3BB27C0524E00197067 /* SFProDisplay-Ultralight.ttf in Resources */ = {isa = PBXBuildFile; fileRef = EF2B99B427BEB52B0059F6B6 /* SFProDisplay-Ultralight.ttf */; };
		EF20F3BF27C2521700197067 /* SliderMenuCell.swift in Sources */ = {isa = PBXBuildFile; fileRef = EF20F3BE27C2521700197067 /* SliderMenuCell.swift */; };
		EF20F3C227C2534500197067 /* SliderMenuItemCell.swift in Sources */ = {isa = PBXBuildFile; fileRef = EF20F3C127C2534500197067 /* SliderMenuItemCell.swift */; };
		EF20F3C527C254FF00197067 /* SliderMenuSectionModel.swift in Sources */ = {isa = PBXBuildFile; fileRef = EF20F3C427C254FF00197067 /* SliderMenuSectionModel.swift */; };
		EF20F3C727C2551B00197067 /* SliderMenuViewModel.swift in Sources */ = {isa = PBXBuildFile; fileRef = EF20F3C627C2551B00197067 /* SliderMenuViewModel.swift */; };
		EF2B99B227BEB1FE0059F6B6 /* TitleTableViewCell.swift in Sources */ = {isa = PBXBuildFile; fileRef = EF2B99B127BEB1FE0059F6B6 /* TitleTableViewCell.swift */; };
		EF2B99BD27BEB7A00059F6B6 /* UIFont+Extension.swift in Sources */ = {isa = PBXBuildFile; fileRef = EF2B99BC27BEB7A00059F6B6 /* UIFont+Extension.swift */; };
		EF2B99BF27BEC86F0059F6B6 /* DashboardSectionModel.swift in Sources */ = {isa = PBXBuildFile; fileRef = EF2B99BE27BEC86F0059F6B6 /* DashboardSectionModel.swift */; };
		EF2B99C327BED0700059F6B6 /* DashboardContentCell.swift in Sources */ = {isa = PBXBuildFile; fileRef = EF2B99C227BED0700059F6B6 /* DashboardContentCell.swift */; };
		EF2B99C627BED1AA0059F6B6 /* ContentCollectionCell.swift in Sources */ = {isa = PBXBuildFile; fileRef = EF2B99C527BED1AA0059F6B6 /* ContentCollectionCell.swift */; };
		EF2B99CE27BEF8FA0059F6B6 /* DashboardContentViewModel.swift in Sources */ = {isa = PBXBuildFile; fileRef = EF2B99CD27BEF8FA0059F6B6 /* DashboardContentViewModel.swift */; };
		EF2B99D027BEF9050059F6B6 /* ContentSectionModel.swift in Sources */ = {isa = PBXBuildFile; fileRef = EF2B99CF27BEF9050059F6B6 /* ContentSectionModel.swift */; };
		EF8BC80C27B2E3A0001A225E /* Assets.xcassets in Resources */ = {isa = PBXBuildFile; fileRef = EF8BC80B27B2E3A0001A225E /* Assets.xcassets */; };
		EF8BC80F27B2E3A0001A225E /* LaunchScreen.storyboard in Resources */ = {isa = PBXBuildFile; fileRef = EF8BC80D27B2E3A0001A225E /* LaunchScreen.storyboard */; };
		EF8BC81927B2E7B2001A225E /* Presentable.swift in Sources */ = {isa = PBXBuildFile; fileRef = EF8BC81827B2E7B2001A225E /* Presentable.swift */; };
		EF8BC81B27B2E7E3001A225E /* ClosureTypealiases.swift in Sources */ = {isa = PBXBuildFile; fileRef = EF8BC81A27B2E7E3001A225E /* ClosureTypealiases.swift */; };
		EF8BC81E27B2E84D001A225E /* LanguageController.swift in Sources */ = {isa = PBXBuildFile; fileRef = EF8BC81D27B2E84D001A225E /* LanguageController.swift */; };
		EF8BC82127B2E8E4001A225E /* Router.swift in Sources */ = {isa = PBXBuildFile; fileRef = EF8BC82027B2E8E4001A225E /* Router.swift */; };
		EF8BC82327B2E90C001A225E /* RouterImp.swift in Sources */ = {isa = PBXBuildFile; fileRef = EF8BC82227B2E90B001A225E /* RouterImp.swift */; };
		EF8BC82827B2E989001A225E /* Constants.swift in Sources */ = {isa = PBXBuildFile; fileRef = EF8BC82727B2E989001A225E /* Constants.swift */; };
		EF8BC82B27B2EA2D001A225E /* UIDevice+Extension.swift in Sources */ = {isa = PBXBuildFile; fileRef = EF8BC82A27B2EA2D001A225E /* UIDevice+Extension.swift */; };
		EF8BC82D27B2EB4C001A225E /* UIViewController.swift in Sources */ = {isa = PBXBuildFile; fileRef = EF8BC82C27B2EB4C001A225E /* UIViewController.swift */; };
		EF8BC83127B2EBF1001A225E /* Wireframe.swift in Sources */ = {isa = PBXBuildFile; fileRef = EF8BC83027B2EBF1001A225E /* Wireframe.swift */; };
		EF8BC83427B2EE70001A225E /* Coordinatable.swift in Sources */ = {isa = PBXBuildFile; fileRef = EF8BC83327B2EE70001A225E /* Coordinatable.swift */; };
		EF8BC83627B2EECF001A225E /* ApplicationCoordinator.swift in Sources */ = {isa = PBXBuildFile; fileRef = EF8BC83527B2EECF001A225E /* ApplicationCoordinator.swift */; };
		EF8BC83927B2F1EF001A225E /* Coordinator.swift in Sources */ = {isa = PBXBuildFile; fileRef = EF8BC83827B2F1EF001A225E /* Coordinator.swift */; };
		EF8BC83B27B2F300001A225E /* MainCoordinator.swift in Sources */ = {isa = PBXBuildFile; fileRef = EF8BC83A27B2F300001A225E /* MainCoordinator.swift */; };
		EF8BC83D27B2F355001A225E /* AppDelegate.swift in Sources */ = {isa = PBXBuildFile; fileRef = EF8BC83C27B2F355001A225E /* AppDelegate.swift */; };
		EF8BC84027B2F5CB001A225E /* BaseCoordinator.swift in Sources */ = {isa = PBXBuildFile; fileRef = EF8BC83F27B2F5CB001A225E /* BaseCoordinator.swift */; };
		EF8BC84427B2F737001A225E /* CoordinatorFactory.swift in Sources */ = {isa = PBXBuildFile; fileRef = EF8BC84327B2F737001A225E /* CoordinatorFactory.swift */; };
		EF8BC84F27B2F915001A225E /* LoaderCoordinator.swift in Sources */ = {isa = PBXBuildFile; fileRef = EF8BC84E27B2F915001A225E /* LoaderCoordinator.swift */; };
		EF8BC85227B2F930001A225E /* LoaderController.swift in Sources */ = {isa = PBXBuildFile; fileRef = EF8BC85127B2F930001A225E /* LoaderController.swift */; };
		EF8BC85427B2F943001A225E /* LoaderViewInput.swift in Sources */ = {isa = PBXBuildFile; fileRef = EF8BC85327B2F943001A225E /* LoaderViewInput.swift */; };
		EF8BC85727B2F956001A225E /* LoaderViewOutput.swift in Sources */ = {isa = PBXBuildFile; fileRef = EF8BC85627B2F956001A225E /* LoaderViewOutput.swift */; };
		EF8BC85927B2F98E001A225E /* BaseView.swift in Sources */ = {isa = PBXBuildFile; fileRef = EF8BC85827B2F98E001A225E /* BaseView.swift */; };
		EF8BC85B27B2F9FD001A225E /* BaseViewController.swift in Sources */ = {isa = PBXBuildFile; fileRef = EF8BC85A27B2F9FD001A225E /* BaseViewController.swift */; };
		EF8BC85F27B2FA53001A225E /* WaitingScreenView.swift in Sources */ = {isa = PBXBuildFile; fileRef = EF8BC85E27B2FA53001A225E /* WaitingScreenView.swift */; };
		EF8BC86127B2FA78001A225E /* PrimaryView.swift in Sources */ = {isa = PBXBuildFile; fileRef = EF8BC86027B2FA78001A225E /* PrimaryView.swift */; };
		EF8BC86327B2FAC1001A225E /* UIView+Extension.swift in Sources */ = {isa = PBXBuildFile; fileRef = EF8BC86227B2FAC1001A225E /* UIView+Extension.swift */; };
		EF8BC86527B2FD74001A225E /* LoaderViewModel.swift in Sources */ = {isa = PBXBuildFile; fileRef = EF8BC86427B2FD74001A225E /* LoaderViewModel.swift */; };
		EF8BC86827B2FDE8001A225E /* LoaderModuleFactories.swift in Sources */ = {isa = PBXBuildFile; fileRef = EF8BC86727B2FDE8001A225E /* LoaderModuleFactories.swift */; };
		EF8BC86A27B2FE50001A225E /* Dependencies.swift in Sources */ = {isa = PBXBuildFile; fileRef = EF8BC86927B2FE50001A225E /* Dependencies.swift */; };
		EF8BC86C27B301BD001A225E /* CustomNavigationController.swift in Sources */ = {isa = PBXBuildFile; fileRef = EF8BC86B27B301BD001A225E /* CustomNavigationController.swift */; };
		EF8BC86E27B30249001A225E /* UIViewController+Extencion.swift in Sources */ = {isa = PBXBuildFile; fileRef = EF8BC86D27B30249001A225E /* UIViewController+Extencion.swift */; };
		EF8BC87727B303E6001A225E /* DashboardCoordinator.swift in Sources */ = {isa = PBXBuildFile; fileRef = EF8BC87627B303E6001A225E /* DashboardCoordinator.swift */; };
		EF8BC87927B30464001A225E /* DashboardModuleFactory.swift in Sources */ = {isa = PBXBuildFile; fileRef = EF8BC87827B30464001A225E /* DashboardModuleFactory.swift */; };
		EF8BC87C27B3049F001A225E /* DashboardController.swift in Sources */ = {isa = PBXBuildFile; fileRef = EF8BC87B27B3049F001A225E /* DashboardController.swift */; };
		EF8BC87E27B304B0001A225E /* DashboardViewInput.swift in Sources */ = {isa = PBXBuildFile; fileRef = EF8BC87D27B304B0001A225E /* DashboardViewInput.swift */; };
		EF8BC88027B304C5001A225E /* DashboardViewOutput.swift in Sources */ = {isa = PBXBuildFile; fileRef = EF8BC87F27B304C5001A225E /* DashboardViewOutput.swift */; };
		EF8BC88227B304D5001A225E /* DashboardViewModel.swift in Sources */ = {isa = PBXBuildFile; fileRef = EF8BC88127B304D5001A225E /* DashboardViewModel.swift */; };
		EF8BC88427B30533001A225E /* CoordinatorInTabbarInitiable.swift in Sources */ = {isa = PBXBuildFile; fileRef = EF8BC88327B30533001A225E /* CoordinatorInTabbarInitiable.swift */; };
		EF8BC88A27B30592001A225E /* TabbarController.swift in Sources */ = {isa = PBXBuildFile; fileRef = EF8BC88927B30592001A225E /* TabbarController.swift */; };
		EF8BC88C27B3059F001A225E /* TabbarViewOutput.swift in Sources */ = {isa = PBXBuildFile; fileRef = EF8BC88B27B3059F001A225E /* TabbarViewOutput.swift */; };
		EF8BC88E27B305A5001A225E /* TabbarViewInput.swift in Sources */ = {isa = PBXBuildFile; fileRef = EF8BC88D27B305A5001A225E /* TabbarViewInput.swift */; };
		EF8BC89027B30706001A225E /* TabbarCoordinator.swift in Sources */ = {isa = PBXBuildFile; fileRef = EF8BC88F27B30706001A225E /* TabbarCoordinator.swift */; };
		EF8BC89427B30776001A225E /* CoordinatorFactoryImp.swift in Sources */ = {isa = PBXBuildFile; fileRef = EF8BC89327B30776001A225E /* CoordinatorFactoryImp.swift */; };
		EF8BC89727B30838001A225E /* ModuleFactoryImp.swift in Sources */ = {isa = PBXBuildFile; fileRef = EF8BC89627B30838001A225E /* ModuleFactoryImp.swift */; };
		EF8BC89927B308A6001A225E /* ModuleFactoryList.swift in Sources */ = {isa = PBXBuildFile; fileRef = EF8BC89827B308A6001A225E /* ModuleFactoryList.swift */; };
		EF8BC89C27B310ED001A225E /* R.generated.swift in Sources */ = {isa = PBXBuildFile; fileRef = EF8BC89B27B310ED001A225E /* R.generated.swift */; };
		EF8BC89E27B313B2001A225E /* NavigationBarHelper.swift in Sources */ = {isa = PBXBuildFile; fileRef = EF8BC89D27B313B2001A225E /* NavigationBarHelper.swift */; };
		EF8BC8A227B314E0001A225E /* NavigationViewFactoryImp.swift in Sources */ = {isa = PBXBuildFile; fileRef = EF8BC8A127B314E0001A225E /* NavigationViewFactoryImp.swift */; };
		EF8BC8A527B31564001A225E /* ModalNavigationBar.swift in Sources */ = {isa = PBXBuildFile; fileRef = EF8BC8A427B31564001A225E /* ModalNavigationBar.swift */; };
		EF8BC8A727B3157B001A225E /* ModalNavigationBarViewModel.swift in Sources */ = {isa = PBXBuildFile; fileRef = EF8BC8A627B3157B001A225E /* ModalNavigationBarViewModel.swift */; };
		EF8BC8B027B434D9001A225E /* UIApplication+Extencion.swift in Sources */ = {isa = PBXBuildFile; fileRef = EF8BC8AF27B434D9001A225E /* UIApplication+Extencion.swift */; };
		EF8BC8B227B435E1001A225E /* NavigationViewFactory.swift in Sources */ = {isa = PBXBuildFile; fileRef = EF8BC8B127B435E1001A225E /* NavigationViewFactory.swift */; };
		EF8BC8B727B43641001A225E /* CustomNavigationView.swift in Sources */ = {isa = PBXBuildFile; fileRef = EF8BC8B627B43641001A225E /* CustomNavigationView.swift */; };
		EF8BC8BA27B436A3001A225E /* NavigationButton.swift in Sources */ = {isa = PBXBuildFile; fileRef = EF8BC8B927B436A3001A225E /* NavigationButton.swift */; };
		EF8BC8BC27B436ED001A225E /* ViewPresentable.swift in Sources */ = {isa = PBXBuildFile; fileRef = EF8BC8BB27B436ED001A225E /* ViewPresentable.swift */; };
		EF8BC8BE27B438D1001A225E /* NavigationTargetViewPositionObservable.swift in Sources */ = {isa = PBXBuildFile; fileRef = EF8BC8BD27B438D1001A225E /* NavigationTargetViewPositionObservable.swift */; };
		EF8BC8C127B43C64001A225E /* BaseNavigationView.swift in Sources */ = {isa = PBXBuildFile; fileRef = EF8BC8C027B43C64001A225E /* BaseNavigationView.swift */; };
		EF8BC8C327B43CAE001A225E /* NavigationButtonStateObservable.swift in Sources */ = {isa = PBXBuildFile; fileRef = EF8BC8C227B43CAE001A225E /* NavigationButtonStateObservable.swift */; };
		EF8BC8C627B472E1001A225E /* TabbarView.swift in Sources */ = {isa = PBXBuildFile; fileRef = EF8BC8C527B472E1001A225E /* TabbarView.swift */; };
		EF8BC8CA27B47382001A225E /* TabbarCell.swift in Sources */ = {isa = PBXBuildFile; fileRef = EF8BC8C927B47382001A225E /* TabbarCell.swift */; };
		EF8BC8CD27B473D6001A225E /* TabbarViewModel.swift in Sources */ = {isa = PBXBuildFile; fileRef = EF8BC8CC27B473D6001A225E /* TabbarViewModel.swift */; };
		EF8BC8CF27B47536001A225E /* Integer+Extension.swift in Sources */ = {isa = PBXBuildFile; fileRef = EF8BC8CE27B47536001A225E /* Integer+Extension.swift */; };
		EF8BC8D127B47829001A225E /* String+Extension.swift in Sources */ = {isa = PBXBuildFile; fileRef = EF8BC8D027B47829001A225E /* String+Extension.swift */; };
/* End PBXBuildFile section */

/* Begin PBXFileReference section */
		5F383CE9BFBF929F26B82D5E /* Pods-Dance_Course.debug.xcconfig */ = {isa = PBXFileReference; includeInIndex = 1; lastKnownFileType = text.xcconfig; name = "Pods-Dance_Course.debug.xcconfig"; path = "Target Support Files/Pods-Dance_Course/Pods-Dance_Course.debug.xcconfig"; sourceTree = "<group>"; };
		707EF0C1ED30343C2D4D40F6 /* Pods-Dance_Course.release.xcconfig */ = {isa = PBXFileReference; includeInIndex = 1; lastKnownFileType = text.xcconfig; name = "Pods-Dance_Course.release.xcconfig"; path = "Target Support Files/Pods-Dance_Course/Pods-Dance_Course.release.xcconfig"; sourceTree = "<group>"; };
		D8DBB249E7FEC32A3CC7AFB9 /* Pods_Dance_Course.framework */ = {isa = PBXFileReference; explicitFileType = wrapper.framework; includeInIndex = 0; path = Pods_Dance_Course.framework; sourceTree = BUILT_PRODUCTS_DIR; };
		EF0D4FE527B6BC3B00B62482 /* Main.storyboard */ = {isa = PBXFileReference; lastKnownFileType = file.storyboard; path = Main.storyboard; sourceTree = "<group>"; };
		EF0D4FE727B6BF3100B62482 /* NSObject+Extension.swift */ = {isa = PBXFileReference; lastKnownFileType = sourcecode.swift; path = "NSObject+Extension.swift"; sourceTree = "<group>"; };
		EF0D4FE927B6BF5C00B62482 /* StoryboardsEnum.swift */ = {isa = PBXFileReference; lastKnownFileType = sourcecode.swift; path = StoryboardsEnum.swift; sourceTree = "<group>"; };
		EF0D4FF527B8564000B62482 /* ProfileViewModel.swift */ = {isa = PBXFileReference; lastKnownFileType = sourcecode.swift; path = ProfileViewModel.swift; sourceTree = "<group>"; };
		EF0D4FF727B8564C00B62482 /* ProfileViewController.swift */ = {isa = PBXFileReference; lastKnownFileType = sourcecode.swift; path = ProfileViewController.swift; sourceTree = "<group>"; };
		EF0D4FF927B8565B00B62482 /* ProfileViewInput.swift */ = {isa = PBXFileReference; lastKnownFileType = sourcecode.swift; path = ProfileViewInput.swift; sourceTree = "<group>"; };
		EF0D4FFB27B8566A00B62482 /* ProfileViewOutput.swift */ = {isa = PBXFileReference; lastKnownFileType = sourcecode.swift; path = ProfileViewOutput.swift; sourceTree = "<group>"; };
		EF0D4FFD27B8567800B62482 /* ProfileCoordinator.swift */ = {isa = PBXFileReference; lastKnownFileType = sourcecode.swift; path = ProfileCoordinator.swift; sourceTree = "<group>"; };
		EF0D4FFF27B8572900B62482 /* ProfileModuleFactory.swift */ = {isa = PBXFileReference; lastKnownFileType = sourcecode.swift; path = ProfileModuleFactory.swift; sourceTree = "<group>"; };
		EF0D500127B8678C00B62482 /* ru */ = {isa = PBXFileReference; lastKnownFileType = text.plist.strings; name = ru; path = ru.lproj/LaunchScreen.strings; sourceTree = "<group>"; };
		EF0D500627B86BC800B62482 /* ru */ = {isa = PBXFileReference; lastKnownFileType = text.plist.strings; name = ru; path = ru.lproj/Localizable.strings; sourceTree = "<group>"; };
		EF0D500827B86BCC00B62482 /* en */ = {isa = PBXFileReference; lastKnownFileType = text.plist.strings; name = en; path = en.lproj/Localizable.strings; sourceTree = "<group>"; };
		EF0D501027B92B6000B62482 /* ModalNavigationBar.xib */ = {isa = PBXFileReference; lastKnownFileType = file.xib; path = ModalNavigationBar.xib; sourceTree = "<group>"; };
		EF0D501527B982E900B62482 /* DashboardNavigationView.xib */ = {isa = PBXFileReference; lastKnownFileType = file.xib; path = DashboardNavigationView.xib; sourceTree = "<group>"; };
		EF0D501727B982F800B62482 /* DashboardNavigationView.swift */ = {isa = PBXFileReference; lastKnownFileType = sourcecode.swift; path = DashboardNavigationView.swift; sourceTree = "<group>"; };
		EF0D501927B9B19900B62482 /* UIWindow+Extension.swift */ = {isa = PBXFileReference; lastKnownFileType = sourcecode.swift; path = "UIWindow+Extension.swift"; sourceTree = "<group>"; };
		EF20F3BE27C2521700197067 /* SliderMenuCell.swift */ = {isa = PBXFileReference; lastKnownFileType = sourcecode.swift; path = SliderMenuCell.swift; sourceTree = "<group>"; };
		EF20F3C127C2534500197067 /* SliderMenuItemCell.swift */ = {isa = PBXFileReference; lastKnownFileType = sourcecode.swift; path = SliderMenuItemCell.swift; sourceTree = "<group>"; };
		EF20F3C427C254FF00197067 /* SliderMenuSectionModel.swift */ = {isa = PBXFileReference; lastKnownFileType = sourcecode.swift; path = SliderMenuSectionModel.swift; sourceTree = "<group>"; };
		EF20F3C627C2551B00197067 /* SliderMenuViewModel.swift */ = {isa = PBXFileReference; lastKnownFileType = sourcecode.swift; path = SliderMenuViewModel.swift; sourceTree = "<group>"; };
		EF2B99B127BEB1FE0059F6B6 /* TitleTableViewCell.swift */ = {isa = PBXFileReference; lastKnownFileType = sourcecode.swift; path = TitleTableViewCell.swift; sourceTree = "<group>"; };
		EF2B99B427BEB52B0059F6B6 /* SFProDisplay-Ultralight.ttf */ = {isa = PBXFileReference; lastKnownFileType = file; path = "SFProDisplay-Ultralight.ttf"; sourceTree = "<group>"; };
		EF2B99B527BEB52B0059F6B6 /* SFProDisplay-Regular.ttf */ = {isa = PBXFileReference; lastKnownFileType = file; path = "SFProDisplay-Regular.ttf"; sourceTree = "<group>"; };
		EF2B99B627BEB52B0059F6B6 /* SFProDisplay-Semibold.ttf */ = {isa = PBXFileReference; lastKnownFileType = file; path = "SFProDisplay-Semibold.ttf"; sourceTree = "<group>"; };
		EF2B99B727BEB52B0059F6B6 /* SFProDisplay-Black.ttf */ = {isa = PBXFileReference; lastKnownFileType = file; path = "SFProDisplay-Black.ttf"; sourceTree = "<group>"; };
		EF2B99B827BEB52B0059F6B6 /* SFProDisplay-Light.ttf */ = {isa = PBXFileReference; lastKnownFileType = file; path = "SFProDisplay-Light.ttf"; sourceTree = "<group>"; };
		EF2B99B927BEB52B0059F6B6 /* SFProDisplay-Medium.ttf */ = {isa = PBXFileReference; lastKnownFileType = file; path = "SFProDisplay-Medium.ttf"; sourceTree = "<group>"; };
		EF2B99BA27BEB52B0059F6B6 /* SFProDisplay-Thin.ttf */ = {isa = PBXFileReference; lastKnownFileType = file; path = "SFProDisplay-Thin.ttf"; sourceTree = "<group>"; };
		EF2B99BB27BEB52B0059F6B6 /* SFProDisplay-Bold.ttf */ = {isa = PBXFileReference; lastKnownFileType = file; path = "SFProDisplay-Bold.ttf"; sourceTree = "<group>"; };
		EF2B99BC27BEB7A00059F6B6 /* UIFont+Extension.swift */ = {isa = PBXFileReference; lastKnownFileType = sourcecode.swift; path = "UIFont+Extension.swift"; sourceTree = "<group>"; };
		EF2B99BE27BEC86F0059F6B6 /* DashboardSectionModel.swift */ = {isa = PBXFileReference; lastKnownFileType = sourcecode.swift; path = DashboardSectionModel.swift; sourceTree = "<group>"; };
		EF2B99C227BED0700059F6B6 /* DashboardContentCell.swift */ = {isa = PBXFileReference; lastKnownFileType = sourcecode.swift; path = DashboardContentCell.swift; sourceTree = "<group>"; };
		EF2B99C527BED1AA0059F6B6 /* ContentCollectionCell.swift */ = {isa = PBXFileReference; lastKnownFileType = sourcecode.swift; path = ContentCollectionCell.swift; sourceTree = "<group>"; };
		EF2B99CD27BEF8FA0059F6B6 /* DashboardContentViewModel.swift */ = {isa = PBXFileReference; lastKnownFileType = sourcecode.swift; path = DashboardContentViewModel.swift; sourceTree = "<group>"; };
		EF2B99CF27BEF9050059F6B6 /* ContentSectionModel.swift */ = {isa = PBXFileReference; lastKnownFileType = sourcecode.swift; path = ContentSectionModel.swift; sourceTree = "<group>"; };
		EF8BC7FF27B2E39F001A225E /* Dance_Course.app */ = {isa = PBXFileReference; explicitFileType = wrapper.application; includeInIndex = 0; path = Dance_Course.app; sourceTree = BUILT_PRODUCTS_DIR; };
		EF8BC80B27B2E3A0001A225E /* Assets.xcassets */ = {isa = PBXFileReference; lastKnownFileType = folder.assetcatalog; path = Assets.xcassets; sourceTree = "<group>"; };
		EF8BC80E27B2E3A0001A225E /* Base */ = {isa = PBXFileReference; lastKnownFileType = file.storyboard; name = Base; path = Base.lproj/LaunchScreen.storyboard; sourceTree = "<group>"; };
		EF8BC81027B2E3A0001A225E /* Info.plist */ = {isa = PBXFileReference; lastKnownFileType = text.plist.xml; path = Info.plist; sourceTree = "<group>"; };
		EF8BC81827B2E7B2001A225E /* Presentable.swift */ = {isa = PBXFileReference; lastKnownFileType = sourcecode.swift; path = Presentable.swift; sourceTree = "<group>"; };
		EF8BC81A27B2E7E3001A225E /* ClosureTypealiases.swift */ = {isa = PBXFileReference; lastKnownFileType = sourcecode.swift; path = ClosureTypealiases.swift; sourceTree = "<group>"; };
		EF8BC81D27B2E84D001A225E /* LanguageController.swift */ = {isa = PBXFileReference; lastKnownFileType = sourcecode.swift; path = LanguageController.swift; sourceTree = "<group>"; };
		EF8BC82027B2E8E4001A225E /* Router.swift */ = {isa = PBXFileReference; lastKnownFileType = sourcecode.swift; path = Router.swift; sourceTree = "<group>"; };
		EF8BC82227B2E90B001A225E /* RouterImp.swift */ = {isa = PBXFileReference; lastKnownFileType = sourcecode.swift; path = RouterImp.swift; sourceTree = "<group>"; };
		EF8BC82727B2E989001A225E /* Constants.swift */ = {isa = PBXFileReference; lastKnownFileType = sourcecode.swift; path = Constants.swift; sourceTree = "<group>"; };
		EF8BC82A27B2EA2D001A225E /* UIDevice+Extension.swift */ = {isa = PBXFileReference; lastKnownFileType = sourcecode.swift; path = "UIDevice+Extension.swift"; sourceTree = "<group>"; };
		EF8BC82C27B2EB4C001A225E /* UIViewController.swift */ = {isa = PBXFileReference; lastKnownFileType = sourcecode.swift; path = UIViewController.swift; sourceTree = "<group>"; };
		EF8BC83027B2EBF1001A225E /* Wireframe.swift */ = {isa = PBXFileReference; lastKnownFileType = sourcecode.swift; path = Wireframe.swift; sourceTree = "<group>"; };
		EF8BC83327B2EE70001A225E /* Coordinatable.swift */ = {isa = PBXFileReference; lastKnownFileType = sourcecode.swift; path = Coordinatable.swift; sourceTree = "<group>"; };
		EF8BC83527B2EECF001A225E /* ApplicationCoordinator.swift */ = {isa = PBXFileReference; lastKnownFileType = sourcecode.swift; path = ApplicationCoordinator.swift; sourceTree = "<group>"; };
		EF8BC83827B2F1EF001A225E /* Coordinator.swift */ = {isa = PBXFileReference; lastKnownFileType = sourcecode.swift; path = Coordinator.swift; sourceTree = "<group>"; };
		EF8BC83A27B2F300001A225E /* MainCoordinator.swift */ = {isa = PBXFileReference; lastKnownFileType = sourcecode.swift; path = MainCoordinator.swift; sourceTree = "<group>"; };
		EF8BC83C27B2F355001A225E /* AppDelegate.swift */ = {isa = PBXFileReference; lastKnownFileType = sourcecode.swift; path = AppDelegate.swift; sourceTree = "<group>"; };
		EF8BC83F27B2F5CB001A225E /* BaseCoordinator.swift */ = {isa = PBXFileReference; lastKnownFileType = sourcecode.swift; path = BaseCoordinator.swift; sourceTree = "<group>"; };
		EF8BC84327B2F737001A225E /* CoordinatorFactory.swift */ = {isa = PBXFileReference; lastKnownFileType = sourcecode.swift; path = CoordinatorFactory.swift; sourceTree = "<group>"; };
		EF8BC84E27B2F915001A225E /* LoaderCoordinator.swift */ = {isa = PBXFileReference; lastKnownFileType = sourcecode.swift; path = LoaderCoordinator.swift; sourceTree = "<group>"; };
		EF8BC85127B2F930001A225E /* LoaderController.swift */ = {isa = PBXFileReference; lastKnownFileType = sourcecode.swift; path = LoaderController.swift; sourceTree = "<group>"; };
		EF8BC85327B2F943001A225E /* LoaderViewInput.swift */ = {isa = PBXFileReference; lastKnownFileType = sourcecode.swift; path = LoaderViewInput.swift; sourceTree = "<group>"; };
		EF8BC85627B2F956001A225E /* LoaderViewOutput.swift */ = {isa = PBXFileReference; lastKnownFileType = sourcecode.swift; path = LoaderViewOutput.swift; sourceTree = "<group>"; };
		EF8BC85827B2F98E001A225E /* BaseView.swift */ = {isa = PBXFileReference; lastKnownFileType = sourcecode.swift; path = BaseView.swift; sourceTree = "<group>"; };
		EF8BC85A27B2F9FD001A225E /* BaseViewController.swift */ = {isa = PBXFileReference; lastKnownFileType = sourcecode.swift; path = BaseViewController.swift; sourceTree = "<group>"; };
		EF8BC85E27B2FA53001A225E /* WaitingScreenView.swift */ = {isa = PBXFileReference; lastKnownFileType = sourcecode.swift; path = WaitingScreenView.swift; sourceTree = "<group>"; };
		EF8BC86027B2FA78001A225E /* PrimaryView.swift */ = {isa = PBXFileReference; lastKnownFileType = sourcecode.swift; path = PrimaryView.swift; sourceTree = "<group>"; };
		EF8BC86227B2FAC1001A225E /* UIView+Extension.swift */ = {isa = PBXFileReference; lastKnownFileType = sourcecode.swift; path = "UIView+Extension.swift"; sourceTree = "<group>"; };
		EF8BC86427B2FD74001A225E /* LoaderViewModel.swift */ = {isa = PBXFileReference; lastKnownFileType = sourcecode.swift; path = LoaderViewModel.swift; sourceTree = "<group>"; };
		EF8BC86727B2FDE8001A225E /* LoaderModuleFactories.swift */ = {isa = PBXFileReference; lastKnownFileType = sourcecode.swift; path = LoaderModuleFactories.swift; sourceTree = "<group>"; };
		EF8BC86927B2FE50001A225E /* Dependencies.swift */ = {isa = PBXFileReference; lastKnownFileType = sourcecode.swift; path = Dependencies.swift; sourceTree = "<group>"; };
		EF8BC86B27B301BD001A225E /* CustomNavigationController.swift */ = {isa = PBXFileReference; lastKnownFileType = sourcecode.swift; path = CustomNavigationController.swift; sourceTree = "<group>"; };
		EF8BC86D27B30249001A225E /* UIViewController+Extencion.swift */ = {isa = PBXFileReference; lastKnownFileType = sourcecode.swift; path = "UIViewController+Extencion.swift"; sourceTree = "<group>"; };
		EF8BC87627B303E6001A225E /* DashboardCoordinator.swift */ = {isa = PBXFileReference; lastKnownFileType = sourcecode.swift; path = DashboardCoordinator.swift; sourceTree = "<group>"; };
		EF8BC87827B30464001A225E /* DashboardModuleFactory.swift */ = {isa = PBXFileReference; lastKnownFileType = sourcecode.swift; path = DashboardModuleFactory.swift; sourceTree = "<group>"; };
		EF8BC87B27B3049F001A225E /* DashboardController.swift */ = {isa = PBXFileReference; lastKnownFileType = sourcecode.swift; path = DashboardController.swift; sourceTree = "<group>"; };
		EF8BC87D27B304B0001A225E /* DashboardViewInput.swift */ = {isa = PBXFileReference; lastKnownFileType = sourcecode.swift; path = DashboardViewInput.swift; sourceTree = "<group>"; };
		EF8BC87F27B304C5001A225E /* DashboardViewOutput.swift */ = {isa = PBXFileReference; lastKnownFileType = sourcecode.swift; path = DashboardViewOutput.swift; sourceTree = "<group>"; };
		EF8BC88127B304D5001A225E /* DashboardViewModel.swift */ = {isa = PBXFileReference; lastKnownFileType = sourcecode.swift; path = DashboardViewModel.swift; sourceTree = "<group>"; };
		EF8BC88327B30533001A225E /* CoordinatorInTabbarInitiable.swift */ = {isa = PBXFileReference; lastKnownFileType = sourcecode.swift; path = CoordinatorInTabbarInitiable.swift; sourceTree = "<group>"; };
		EF8BC88927B30592001A225E /* TabbarController.swift */ = {isa = PBXFileReference; lastKnownFileType = sourcecode.swift; path = TabbarController.swift; sourceTree = "<group>"; };
		EF8BC88B27B3059F001A225E /* TabbarViewOutput.swift */ = {isa = PBXFileReference; lastKnownFileType = sourcecode.swift; path = TabbarViewOutput.swift; sourceTree = "<group>"; };
		EF8BC88D27B305A5001A225E /* TabbarViewInput.swift */ = {isa = PBXFileReference; lastKnownFileType = sourcecode.swift; path = TabbarViewInput.swift; sourceTree = "<group>"; };
		EF8BC88F27B30706001A225E /* TabbarCoordinator.swift */ = {isa = PBXFileReference; lastKnownFileType = sourcecode.swift; path = TabbarCoordinator.swift; sourceTree = "<group>"; };
		EF8BC89327B30776001A225E /* CoordinatorFactoryImp.swift */ = {isa = PBXFileReference; lastKnownFileType = sourcecode.swift; path = CoordinatorFactoryImp.swift; sourceTree = "<group>"; };
		EF8BC89627B30838001A225E /* ModuleFactoryImp.swift */ = {isa = PBXFileReference; lastKnownFileType = sourcecode.swift; path = ModuleFactoryImp.swift; sourceTree = "<group>"; };
		EF8BC89827B308A6001A225E /* ModuleFactoryList.swift */ = {isa = PBXFileReference; lastKnownFileType = sourcecode.swift; path = ModuleFactoryList.swift; sourceTree = "<group>"; };
		EF8BC89B27B310ED001A225E /* R.generated.swift */ = {isa = PBXFileReference; fileEncoding = 4; lastKnownFileType = sourcecode.swift; path = R.generated.swift; sourceTree = SOURCE_ROOT; };
		EF8BC89D27B313B2001A225E /* NavigationBarHelper.swift */ = {isa = PBXFileReference; lastKnownFileType = sourcecode.swift; path = NavigationBarHelper.swift; sourceTree = "<group>"; };
		EF8BC8A127B314E0001A225E /* NavigationViewFactoryImp.swift */ = {isa = PBXFileReference; lastKnownFileType = sourcecode.swift; path = NavigationViewFactoryImp.swift; sourceTree = "<group>"; };
		EF8BC8A427B31564001A225E /* ModalNavigationBar.swift */ = {isa = PBXFileReference; lastKnownFileType = sourcecode.swift; path = ModalNavigationBar.swift; sourceTree = "<group>"; };
		EF8BC8A627B3157B001A225E /* ModalNavigationBarViewModel.swift */ = {isa = PBXFileReference; lastKnownFileType = sourcecode.swift; path = ModalNavigationBarViewModel.swift; sourceTree = "<group>"; };
		EF8BC8AF27B434D9001A225E /* UIApplication+Extencion.swift */ = {isa = PBXFileReference; lastKnownFileType = sourcecode.swift; path = "UIApplication+Extencion.swift"; sourceTree = "<group>"; };
		EF8BC8B127B435E1001A225E /* NavigationViewFactory.swift */ = {isa = PBXFileReference; lastKnownFileType = sourcecode.swift; path = NavigationViewFactory.swift; sourceTree = "<group>"; };
		EF8BC8B627B43641001A225E /* CustomNavigationView.swift */ = {isa = PBXFileReference; lastKnownFileType = sourcecode.swift; path = CustomNavigationView.swift; sourceTree = "<group>"; };
		EF8BC8B927B436A3001A225E /* NavigationButton.swift */ = {isa = PBXFileReference; lastKnownFileType = sourcecode.swift; path = NavigationButton.swift; sourceTree = "<group>"; };
		EF8BC8BB27B436ED001A225E /* ViewPresentable.swift */ = {isa = PBXFileReference; lastKnownFileType = sourcecode.swift; path = ViewPresentable.swift; sourceTree = "<group>"; };
		EF8BC8BD27B438D1001A225E /* NavigationTargetViewPositionObservable.swift */ = {isa = PBXFileReference; lastKnownFileType = sourcecode.swift; path = NavigationTargetViewPositionObservable.swift; sourceTree = "<group>"; };
		EF8BC8C027B43C64001A225E /* BaseNavigationView.swift */ = {isa = PBXFileReference; lastKnownFileType = sourcecode.swift; path = BaseNavigationView.swift; sourceTree = "<group>"; };
		EF8BC8C227B43CAE001A225E /* NavigationButtonStateObservable.swift */ = {isa = PBXFileReference; lastKnownFileType = sourcecode.swift; path = NavigationButtonStateObservable.swift; sourceTree = "<group>"; };
		EF8BC8C527B472E1001A225E /* TabbarView.swift */ = {isa = PBXFileReference; lastKnownFileType = sourcecode.swift; path = TabbarView.swift; sourceTree = "<group>"; };
		EF8BC8C927B47382001A225E /* TabbarCell.swift */ = {isa = PBXFileReference; lastKnownFileType = sourcecode.swift; path = TabbarCell.swift; sourceTree = "<group>"; };
		EF8BC8CC27B473D6001A225E /* TabbarViewModel.swift */ = {isa = PBXFileReference; lastKnownFileType = sourcecode.swift; path = TabbarViewModel.swift; sourceTree = "<group>"; };
		EF8BC8CE27B47536001A225E /* Integer+Extension.swift */ = {isa = PBXFileReference; lastKnownFileType = sourcecode.swift; path = "Integer+Extension.swift"; sourceTree = "<group>"; };
		EF8BC8D027B47829001A225E /* String+Extension.swift */ = {isa = PBXFileReference; lastKnownFileType = sourcecode.swift; path = "String+Extension.swift"; sourceTree = "<group>"; };
/* End PBXFileReference section */

/* Begin PBXFrameworksBuildPhase section */
		EF8BC7FC27B2E39F001A225E /* Frameworks */ = {
			isa = PBXFrameworksBuildPhase;
			buildActionMask = 2147483647;
			files = (
				DE18E8F7035870AFF4C32527 /* Pods_Dance_Course.framework in Frameworks */,
			);
			runOnlyForDeploymentPostprocessing = 0;
		};
/* End PBXFrameworksBuildPhase section */

/* Begin PBXGroup section */
		B778C8BA3D23E489086A2EC2 /* Frameworks */ = {
			isa = PBXGroup;
			children = (
				D8DBB249E7FEC32A3CC7AFB9 /* Pods_Dance_Course.framework */,
			);
			name = Frameworks;
			sourceTree = "<group>";
		};
		E7854649260890CD7FDF0553 /* Pods */ = {
			isa = PBXGroup;
			children = (
				5F383CE9BFBF929F26B82D5E /* Pods-Dance_Course.debug.xcconfig */,
				707EF0C1ED30343C2D4D40F6 /* Pods-Dance_Course.release.xcconfig */,
			);
			path = Pods;
			sourceTree = "<group>";
		};
		EF0D4FE427B6BBFE00B62482 /* Storyboards */ = {
			isa = PBXGroup;
			children = (
				EF0D4FE927B6BF5C00B62482 /* StoryboardsEnum.swift */,
				EF0D4FE527B6BC3B00B62482 /* Main.storyboard */,
			);
			path = Storyboards;
			sourceTree = "<group>";
		};
		EF0D4FEB27B855A500B62482 /* ProfileFlow */ = {
			isa = PBXGroup;
			children = (
				EF0D4FEC27B855B300B62482 /* Coordinator */,
				EF0D4FED27B855C500B62482 /* Module */,
			);
			path = ProfileFlow;
			sourceTree = "<group>";
		};
		EF0D4FEC27B855B300B62482 /* Coordinator */ = {
			isa = PBXGroup;
			children = (
				EF0D4FFD27B8567800B62482 /* ProfileCoordinator.swift */,
			);
			path = Coordinator;
			sourceTree = "<group>";
		};
		EF0D4FED27B855C500B62482 /* Module */ = {
			isa = PBXGroup;
			children = (
				EF0D4FEE27B855DD00B62482 /* ViewModel */,
				EF0D4FF727B8564C00B62482 /* ProfileViewController.swift */,
				EF0D4FF927B8565B00B62482 /* ProfileViewInput.swift */,
				EF0D4FFB27B8566A00B62482 /* ProfileViewOutput.swift */,
			);
			path = Module;
			sourceTree = "<group>";
		};
		EF0D4FEE27B855DD00B62482 /* ViewModel */ = {
			isa = PBXGroup;
			children = (
				EF0D4FF527B8564000B62482 /* ProfileViewModel.swift */,
			);
			path = ViewModel;
			sourceTree = "<group>";
		};
		EF0D500227B8681500B62482 /* Resources */ = {
			isa = PBXGroup;
			children = (
				EF2B99B327BEB3E90059F6B6 /* Fonts */,
				EF0D500727B86BC800B62482 /* Localizable.strings */,
			);
			path = Resources;
			sourceTree = "<group>";
		};
		EF0D501427B982D000B62482 /* DashboardNavigation */ = {
			isa = PBXGroup;
			children = (
				EF0D501727B982F800B62482 /* DashboardNavigationView.swift */,
				EF0D501527B982E900B62482 /* DashboardNavigationView.xib */,
			);
			path = DashboardNavigation;
			sourceTree = "<group>";
		};
		EF20F3BD27C251F300197067 /* SliderMenuCell */ = {
			isa = PBXGroup;
			children = (
				EF20F3C327C254E300197067 /* ViewModel */,
				EF20F3C027C2521A00197067 /* Cell */,
				EF20F3BE27C2521700197067 /* SliderMenuCell.swift */,
			);
			path = SliderMenuCell;
			sourceTree = "<group>";
		};
		EF20F3C027C2521A00197067 /* Cell */ = {
			isa = PBXGroup;
			children = (
				EF20F3C127C2534500197067 /* SliderMenuItemCell.swift */,
			);
			path = Cell;
			sourceTree = "<group>";
		};
		EF20F3C327C254E300197067 /* ViewModel */ = {
			isa = PBXGroup;
			children = (
				EF20F3C627C2551B00197067 /* SliderMenuViewModel.swift */,
				EF20F3C427C254FF00197067 /* SliderMenuSectionModel.swift */,
			);
			path = ViewModel;
			sourceTree = "<group>";
		};
		EF2B99AF27BEB1D90059F6B6 /* Cells */ = {
			isa = PBXGroup;
			children = (
				EF20F3BD27C251F300197067 /* SliderMenuCell */,
				EF2B99C127BED0110059F6B6 /* ContentCell */,
				EF2B99B027BEB1E30059F6B6 /* TitleCell */,
			);
			path = Cells;
			sourceTree = "<group>";
		};
		EF2B99B027BEB1E30059F6B6 /* TitleCell */ = {
			isa = PBXGroup;
			children = (
				EF2B99B127BEB1FE0059F6B6 /* TitleTableViewCell.swift */,
			);
			path = TitleCell;
			sourceTree = "<group>";
		};
		EF2B99B327BEB3E90059F6B6 /* Fonts */ = {
			isa = PBXGroup;
			children = (
				EF2B99B727BEB52B0059F6B6 /* SFProDisplay-Black.ttf */,
				EF2B99BB27BEB52B0059F6B6 /* SFProDisplay-Bold.ttf */,
				EF2B99B827BEB52B0059F6B6 /* SFProDisplay-Light.ttf */,
				EF2B99B927BEB52B0059F6B6 /* SFProDisplay-Medium.ttf */,
				EF2B99B527BEB52B0059F6B6 /* SFProDisplay-Regular.ttf */,
				EF2B99B627BEB52B0059F6B6 /* SFProDisplay-Semibold.ttf */,
				EF2B99BA27BEB52B0059F6B6 /* SFProDisplay-Thin.ttf */,
				EF2B99B427BEB52B0059F6B6 /* SFProDisplay-Ultralight.ttf */,
			);
			path = Fonts;
			sourceTree = "<group>";
		};
		EF2B99C127BED0110059F6B6 /* ContentCell */ = {
			isa = PBXGroup;
			children = (
				EF2B99CC27BEF8D80059F6B6 /* ViewModel */,
				EF2B99C427BED18F0059F6B6 /* Cell */,
				EF2B99C227BED0700059F6B6 /* DashboardContentCell.swift */,
			);
			path = ContentCell;
			sourceTree = "<group>";
		};
		EF2B99C427BED18F0059F6B6 /* Cell */ = {
			isa = PBXGroup;
			children = (
				EF2B99C527BED1AA0059F6B6 /* ContentCollectionCell.swift */,
			);
			path = Cell;
			sourceTree = "<group>";
		};
		EF2B99CC27BEF8D80059F6B6 /* ViewModel */ = {
			isa = PBXGroup;
			children = (
				EF2B99CD27BEF8FA0059F6B6 /* DashboardContentViewModel.swift */,
				EF2B99CF27BEF9050059F6B6 /* ContentSectionModel.swift */,
			);
			path = ViewModel;
			sourceTree = "<group>";
		};
		EF8BC7F627B2E39F001A225E = {
			isa = PBXGroup;
			children = (
				EF8BC80127B2E39F001A225E /* Dance_Course */,
				EF8BC80027B2E39F001A225E /* Products */,
				E7854649260890CD7FDF0553 /* Pods */,
				B778C8BA3D23E489086A2EC2 /* Frameworks */,
			);
			sourceTree = "<group>";
		};
		EF8BC80027B2E39F001A225E /* Products */ = {
			isa = PBXGroup;
			children = (
				EF8BC7FF27B2E39F001A225E /* Dance_Course.app */,
			);
			name = Products;
			sourceTree = "<group>";
		};
		EF8BC80127B2E39F001A225E /* Dance_Course */ = {
			isa = PBXGroup;
			children = (
				EF8BC85C27B2FA33001A225E /* Views */,
				EF8BC84227B2F725001A225E /* Factories */,
				EF8BC83E27B2F5B4001A225E /* Parents */,
				EF8BC83727B2F1E5001A225E /* Coordinator */,
				EF8BC83227B2EE2C001A225E /* Application */,
				EF8BC82E27B2EB8F001A225E /* Services */,
				EF8BC82927B2EA0F001A225E /* Extensions */,
				EF8BC81F27B2E8CD001A225E /* Router */,
				EF8BC81727B2E79E001A225E /* Protocols */,
				EF8BC81627B2E3B2001A225E /* Utilities */,
				EF8BC84127B2F5FF001A225E /* Flow */,
				EF0D4FE427B6BBFE00B62482 /* Storyboards */,
				EF0D500227B8681500B62482 /* Resources */,
				EF8BC89B27B310ED001A225E /* R.generated.swift */,
				EF8BC80B27B2E3A0001A225E /* Assets.xcassets */,
				EF8BC80D27B2E3A0001A225E /* LaunchScreen.storyboard */,
				EF8BC81027B2E3A0001A225E /* Info.plist */,
			);
			path = Dance_Course;
			sourceTree = "<group>";
		};
		EF8BC81627B2E3B2001A225E /* Utilities */ = {
			isa = PBXGroup;
			children = (
				EF8BC81C27B2E83E001A225E /* LanguageController */,
				EF8BC81A27B2E7E3001A225E /* ClosureTypealiases.swift */,
				EF8BC82727B2E989001A225E /* Constants.swift */,
				EF8BC89D27B313B2001A225E /* NavigationBarHelper.swift */,
			);
			path = Utilities;
			sourceTree = "<group>";
		};
		EF8BC81727B2E79E001A225E /* Protocols */ = {
			isa = PBXGroup;
			children = (
				EF8BC81827B2E7B2001A225E /* Presentable.swift */,
				EF8BC83327B2EE70001A225E /* Coordinatable.swift */,
				EF8BC85827B2F98E001A225E /* BaseView.swift */,
				EF8BC88327B30533001A225E /* CoordinatorInTabbarInitiable.swift */,
				EF8BC8BB27B436ED001A225E /* ViewPresentable.swift */,
				EF8BC8BD27B438D1001A225E /* NavigationTargetViewPositionObservable.swift */,
			);
			path = Protocols;
			sourceTree = "<group>";
		};
		EF8BC81C27B2E83E001A225E /* LanguageController */ = {
			isa = PBXGroup;
			children = (
				EF8BC81D27B2E84D001A225E /* LanguageController.swift */,
			);
			path = LanguageController;
			sourceTree = "<group>";
		};
		EF8BC81F27B2E8CD001A225E /* Router */ = {
			isa = PBXGroup;
			children = (
				EF8BC82027B2E8E4001A225E /* Router.swift */,
				EF8BC82227B2E90B001A225E /* RouterImp.swift */,
			);
			path = Router;
			sourceTree = "<group>";
		};
		EF8BC82927B2EA0F001A225E /* Extensions */ = {
			isa = PBXGroup;
			children = (
				EF8BC82A27B2EA2D001A225E /* UIDevice+Extension.swift */,
				EF8BC82C27B2EB4C001A225E /* UIViewController.swift */,
				EF8BC86227B2FAC1001A225E /* UIView+Extension.swift */,
				EF8BC86D27B30249001A225E /* UIViewController+Extencion.swift */,
				EF8BC8AF27B434D9001A225E /* UIApplication+Extencion.swift */,
				EF8BC8CE27B47536001A225E /* Integer+Extension.swift */,
				EF8BC8D027B47829001A225E /* String+Extension.swift */,
				EF0D4FE727B6BF3100B62482 /* NSObject+Extension.swift */,
				EF0D501927B9B19900B62482 /* UIWindow+Extension.swift */,
				EF2B99BC27BEB7A00059F6B6 /* UIFont+Extension.swift */,
			);
			path = Extensions;
			sourceTree = "<group>";
		};
		EF8BC82E27B2EB8F001A225E /* Services */ = {
			isa = PBXGroup;
			children = (
				EF8BC82F27B2EBE1001A225E /* Wireframe */,
				EF8BC86927B2FE50001A225E /* Dependencies.swift */,
			);
			path = Services;
			sourceTree = "<group>";
		};
		EF8BC82F27B2EBE1001A225E /* Wireframe */ = {
			isa = PBXGroup;
			children = (
				EF8BC83027B2EBF1001A225E /* Wireframe.swift */,
			);
			path = Wireframe;
			sourceTree = "<group>";
		};
		EF8BC83227B2EE2C001A225E /* Application */ = {
			isa = PBXGroup;
			children = (
				EF8BC83527B2EECF001A225E /* ApplicationCoordinator.swift */,
				EF8BC83C27B2F355001A225E /* AppDelegate.swift */,
			);
			path = Application;
			sourceTree = "<group>";
		};
		EF8BC83727B2F1E5001A225E /* Coordinator */ = {
			isa = PBXGroup;
			children = (
				EF8BC83827B2F1EF001A225E /* Coordinator.swift */,
				EF8BC83A27B2F300001A225E /* MainCoordinator.swift */,
			);
			path = Coordinator;
			sourceTree = "<group>";
		};
		EF8BC83E27B2F5B4001A225E /* Parents */ = {
			isa = PBXGroup;
			children = (
				EF8BC83F27B2F5CB001A225E /* BaseCoordinator.swift */,
				EF8BC85A27B2F9FD001A225E /* BaseViewController.swift */,
				EF8BC86027B2FA78001A225E /* PrimaryView.swift */,
				EF8BC86B27B301BD001A225E /* CustomNavigationController.swift */,
			);
			path = Parents;
			sourceTree = "<group>";
		};
		EF8BC84127B2F5FF001A225E /* Flow */ = {
			isa = PBXGroup;
			children = (
				EF8BC88527B30562001A225E /* Tabbar */,
				EF8BC87027B30379001A225E /* TabbarItems */,
				EF8BC84627B2F89D001A225E /* OnboardingFlow */,
				EF8BC84527B2F88F001A225E /* LoadingFlow */,
			);
			path = Flow;
			sourceTree = "<group>";
		};
		EF8BC84227B2F725001A225E /* Factories */ = {
			isa = PBXGroup;
			children = (
				EF8BC89F27B314D1001A225E /* NavigationViewFactory */,
				EF8BC89127B3075E001A225E /* CoordinatorFactory */,
				EF8BC86627B2FDCE001A225E /* ModuleFactories */,
				EF8BC84327B2F737001A225E /* CoordinatorFactory.swift */,
			);
			path = Factories;
			sourceTree = "<group>";
		};
		EF8BC84527B2F88F001A225E /* LoadingFlow */ = {
			isa = PBXGroup;
			children = (
				EF8BC84D27B2F8FE001A225E /* Coordinator */,
				EF8BC84C27B2F8FA001A225E /* Module */,
			);
			path = LoadingFlow;
			sourceTree = "<group>";
		};
		EF8BC84627B2F89D001A225E /* OnboardingFlow */ = {
			isa = PBXGroup;
			children = (
				EF8BC84B27B2F8EF001A225E /* Coordinator */,
				EF8BC84A27B2F8EA001A225E /* Module */,
			);
			path = OnboardingFlow;
			sourceTree = "<group>";
		};
		EF8BC84A27B2F8EA001A225E /* Module */ = {
			isa = PBXGroup;
			children = (
			);
			path = Module;
			sourceTree = "<group>";
		};
		EF8BC84B27B2F8EF001A225E /* Coordinator */ = {
			isa = PBXGroup;
			children = (
			);
			path = Coordinator;
			sourceTree = "<group>";
		};
		EF8BC84C27B2F8FA001A225E /* Module */ = {
			isa = PBXGroup;
			children = (
				EF8BC85027B2F91C001A225E /* ViewModel */,
				EF8BC85127B2F930001A225E /* LoaderController.swift */,
				EF8BC85327B2F943001A225E /* LoaderViewInput.swift */,
				EF8BC85627B2F956001A225E /* LoaderViewOutput.swift */,
			);
			path = Module;
			sourceTree = "<group>";
		};
		EF8BC84D27B2F8FE001A225E /* Coordinator */ = {
			isa = PBXGroup;
			children = (
				EF8BC84E27B2F915001A225E /* LoaderCoordinator.swift */,
			);
			path = Coordinator;
			sourceTree = "<group>";
		};
		EF8BC85027B2F91C001A225E /* ViewModel */ = {
			isa = PBXGroup;
			children = (
				EF8BC86427B2FD74001A225E /* LoaderViewModel.swift */,
			);
			path = ViewModel;
			sourceTree = "<group>";
		};
		EF8BC85C27B2FA33001A225E /* Views */ = {
			isa = PBXGroup;
			children = (
				EF8BC8B327B4361D001A225E /* Navigation */,
				EF8BC85D27B2FA44001A225E /* View */,
			);
			path = Views;
			sourceTree = "<group>";
		};
		EF8BC85D27B2FA44001A225E /* View */ = {
			isa = PBXGroup;
			children = (
				EF8BC8A327B31554001A225E /* ModalNavigationBar */,
				EF8BC85E27B2FA53001A225E /* WaitingScreenView.swift */,
			);
			path = View;
			sourceTree = "<group>";
		};
		EF8BC86627B2FDCE001A225E /* ModuleFactories */ = {
			isa = PBXGroup;
			children = (
				EF8BC89527B30829001A225E /* Imp */,
				EF8BC86727B2FDE8001A225E /* LoaderModuleFactories.swift */,
				EF8BC87827B30464001A225E /* DashboardModuleFactory.swift */,
				EF8BC89827B308A6001A225E /* ModuleFactoryList.swift */,
				EF0D4FFF27B8572900B62482 /* ProfileModuleFactory.swift */,
			);
			path = ModuleFactories;
			sourceTree = "<group>";
		};
		EF8BC87027B30379001A225E /* TabbarItems */ = {
			isa = PBXGroup;
			children = (
				EF0D4FEB27B855A500B62482 /* ProfileFlow */,
				EF8BC87327B303B8001A225E /* DashboardFlow */,
			);
			path = TabbarItems;
			sourceTree = "<group>";
		};
		EF8BC87327B303B8001A225E /* DashboardFlow */ = {
			isa = PBXGroup;
			children = (
				EF8BC87527B303D1001A225E /* Coordinator */,
				EF8BC87427B303CC001A225E /* Module */,
			);
			path = DashboardFlow;
			sourceTree = "<group>";
		};
		EF8BC87427B303CC001A225E /* Module */ = {
			isa = PBXGroup;
			children = (
				EF2B99AF27BEB1D90059F6B6 /* Cells */,
				EF8BC87A27B30488001A225E /* ViewModel */,
				EF8BC87B27B3049F001A225E /* DashboardController.swift */,
				EF8BC87D27B304B0001A225E /* DashboardViewInput.swift */,
				EF8BC87F27B304C5001A225E /* DashboardViewOutput.swift */,
			);
			path = Module;
			sourceTree = "<group>";
		};
		EF8BC87527B303D1001A225E /* Coordinator */ = {
			isa = PBXGroup;
			children = (
				EF8BC87627B303E6001A225E /* DashboardCoordinator.swift */,
			);
			path = Coordinator;
			sourceTree = "<group>";
		};
		EF8BC87A27B30488001A225E /* ViewModel */ = {
			isa = PBXGroup;
			children = (
				EF8BC88127B304D5001A225E /* DashboardViewModel.swift */,
				EF2B99BE27BEC86F0059F6B6 /* DashboardSectionModel.swift */,
			);
			path = ViewModel;
			sourceTree = "<group>";
		};
		EF8BC88527B30562001A225E /* Tabbar */ = {
			isa = PBXGroup;
			children = (
				EF8BC88727B30571001A225E /* Coordinator */,
				EF8BC88627B30569001A225E /* Module */,
			);
			path = Tabbar;
			sourceTree = "<group>";
		};
		EF8BC88627B30569001A225E /* Module */ = {
			isa = PBXGroup;
			children = (
				EF8BC8CB27B473C3001A225E /* ViewModel */,
				EF8BC8C427B472D1001A225E /* View */,
				EF8BC88927B30592001A225E /* TabbarController.swift */,
				EF8BC88B27B3059F001A225E /* TabbarViewOutput.swift */,
				EF8BC88D27B305A5001A225E /* TabbarViewInput.swift */,
			);
			path = Module;
			sourceTree = "<group>";
		};
		EF8BC88727B30571001A225E /* Coordinator */ = {
			isa = PBXGroup;
			children = (
				EF8BC88F27B30706001A225E /* TabbarCoordinator.swift */,
			);
			path = Coordinator;
			sourceTree = "<group>";
		};
		EF8BC89127B3075E001A225E /* CoordinatorFactory */ = {
			isa = PBXGroup;
			children = (
				EF8BC89227B30769001A225E /* Imp */,
			);
			path = CoordinatorFactory;
			sourceTree = "<group>";
		};
		EF8BC89227B30769001A225E /* Imp */ = {
			isa = PBXGroup;
			children = (
				EF8BC89327B30776001A225E /* CoordinatorFactoryImp.swift */,
			);
			path = Imp;
			sourceTree = "<group>";
		};
		EF8BC89527B30829001A225E /* Imp */ = {
			isa = PBXGroup;
			children = (
				EF8BC89627B30838001A225E /* ModuleFactoryImp.swift */,
			);
			path = Imp;
			sourceTree = "<group>";
		};
		EF8BC89F27B314D1001A225E /* NavigationViewFactory */ = {
			isa = PBXGroup;
			children = (
				EF8BC8A027B314D8001A225E /* Imp */,
				EF8BC8B127B435E1001A225E /* NavigationViewFactory.swift */,
			);
			path = NavigationViewFactory;
			sourceTree = "<group>";
		};
		EF8BC8A027B314D8001A225E /* Imp */ = {
			isa = PBXGroup;
			children = (
				EF8BC8A127B314E0001A225E /* NavigationViewFactoryImp.swift */,
			);
			path = Imp;
			sourceTree = "<group>";
		};
		EF8BC8A327B31554001A225E /* ModalNavigationBar */ = {
			isa = PBXGroup;
			children = (
				EF8BC8A427B31564001A225E /* ModalNavigationBar.swift */,
				EF8BC8A627B3157B001A225E /* ModalNavigationBarViewModel.swift */,
				EF0D501027B92B6000B62482 /* ModalNavigationBar.xib */,
			);
			path = ModalNavigationBar;
			sourceTree = "<group>";
		};
		EF8BC8B327B4361D001A225E /* Navigation */ = {
			isa = PBXGroup;
			children = (
				EF8BC8B827B43690001A225E /* NavigationButton */,
				EF8BC8B427B43627001A225E /* NavigationView */,
			);
			path = Navigation;
			sourceTree = "<group>";
		};
		EF8BC8B427B43627001A225E /* NavigationView */ = {
			isa = PBXGroup;
			children = (
				EF0D501427B982D000B62482 /* DashboardNavigation */,
				EF8BC8BF27B43C53001A225E /* Base */,
				EF8BC8B527B43630001A225E /* Protocols */,
			);
			path = NavigationView;
			sourceTree = "<group>";
		};
		EF8BC8B527B43630001A225E /* Protocols */ = {
			isa = PBXGroup;
			children = (
				EF8BC8B627B43641001A225E /* CustomNavigationView.swift */,
				EF8BC8C227B43CAE001A225E /* NavigationButtonStateObservable.swift */,
			);
			path = Protocols;
			sourceTree = "<group>";
		};
		EF8BC8B827B43690001A225E /* NavigationButton */ = {
			isa = PBXGroup;
			children = (
				EF8BC8B927B436A3001A225E /* NavigationButton.swift */,
			);
			path = NavigationButton;
			sourceTree = "<group>";
		};
		EF8BC8BF27B43C53001A225E /* Base */ = {
			isa = PBXGroup;
			children = (
				EF8BC8C027B43C64001A225E /* BaseNavigationView.swift */,
			);
			path = Base;
			sourceTree = "<group>";
		};
		EF8BC8C427B472D1001A225E /* View */ = {
			isa = PBXGroup;
			children = (
				EF8BC8C827B47375001A225E /* Cell */,
				EF8BC8C527B472E1001A225E /* TabbarView.swift */,
			);
			path = View;
			sourceTree = "<group>";
		};
		EF8BC8C827B47375001A225E /* Cell */ = {
			isa = PBXGroup;
			children = (
				EF8BC8C927B47382001A225E /* TabbarCell.swift */,
			);
			path = Cell;
			sourceTree = "<group>";
		};
		EF8BC8CB27B473C3001A225E /* ViewModel */ = {
			isa = PBXGroup;
			children = (
				EF8BC8CC27B473D6001A225E /* TabbarViewModel.swift */,
			);
			path = ViewModel;
			sourceTree = "<group>";
		};
/* End PBXGroup section */

/* Begin PBXNativeTarget section */
		EF8BC7FE27B2E39F001A225E /* Dance_Course */ = {
			isa = PBXNativeTarget;
			buildConfigurationList = EF8BC81327B2E3A0001A225E /* Build configuration list for PBXNativeTarget "Dance_Course" */;
			buildPhases = (
				3916909464CC61051D498A19 /* [CP] Check Pods Manifest.lock */,
				EF8BC89A27B30CD1001A225E /* ShellScript */,
				EF8BC7FB27B2E39F001A225E /* Sources */,
				EF8BC7FC27B2E39F001A225E /* Frameworks */,
				EF8BC7FD27B2E39F001A225E /* Resources */,
				E423AF1066912E3CD08166B3 /* [CP] Embed Pods Frameworks */,
			);
			buildRules = (
			);
			dependencies = (
			);
			name = Dance_Course;
			productName = Dance_Course;
			productReference = EF8BC7FF27B2E39F001A225E /* Dance_Course.app */;
			productType = "com.apple.product-type.application";
		};
/* End PBXNativeTarget section */

/* Begin PBXProject section */
		EF8BC7F727B2E39F001A225E /* Project object */ = {
			isa = PBXProject;
			attributes = {
				LastSwiftUpdateCheck = 1250;
				LastUpgradeCheck = 1250;
				TargetAttributes = {
					EF8BC7FE27B2E39F001A225E = {
						CreatedOnToolsVersion = 12.5;
					};
				};
			};
			buildConfigurationList = EF8BC7FA27B2E39F001A225E /* Build configuration list for PBXProject "Dance_Course" */;
			compatibilityVersion = "Xcode 9.3";
			developmentRegion = en;
			hasScannedForEncodings = 0;
			knownRegions = (
				en,
				Base,
				ru,
			);
			mainGroup = EF8BC7F627B2E39F001A225E;
			productRefGroup = EF8BC80027B2E39F001A225E /* Products */;
			projectDirPath = "";
			projectRoot = "";
			targets = (
				EF8BC7FE27B2E39F001A225E /* Dance_Course */,
			);
		};
/* End PBXProject section */

/* Begin PBXResourcesBuildPhase section */
		EF8BC7FD27B2E39F001A225E /* Resources */ = {
			isa = PBXResourcesBuildPhase;
			buildActionMask = 2147483647;
			files = (
				EF0D4FE627B6BC3B00B62482 /* Main.storyboard in Resources */,
				EF20F3B927C0524A00197067 /* SFProDisplay-Semibold.ttf in Resources */,
				EF0D500527B86BC800B62482 /* Localizable.strings in Resources */,
				EF0D501127B92B6000B62482 /* ModalNavigationBar.xib in Resources */,
				EF20F3BB27C0524E00197067 /* SFProDisplay-Ultralight.ttf in Resources */,
				EF20F3B427C0523D00197067 /* SFProDisplay-Black.ttf in Resources */,
				EF8BC80F27B2E3A0001A225E /* LaunchScreen.storyboard in Resources */,
				EF20F3BA27C0524C00197067 /* SFProDisplay-Thin.ttf in Resources */,
				EF8BC80C27B2E3A0001A225E /* Assets.xcassets in Resources */,
				EF20F3B827C0524800197067 /* SFProDisplay-Regular.ttf in Resources */,
				EF20F3B627C0524300197067 /* SFProDisplay-Light.ttf in Resources */,
				EF0D501627B982E900B62482 /* DashboardNavigationView.xib in Resources */,
				EF20F3B527C0524100197067 /* SFProDisplay-Bold.ttf in Resources */,
				EF20F3B727C0524600197067 /* SFProDisplay-Medium.ttf in Resources */,
			);
			runOnlyForDeploymentPostprocessing = 0;
		};
/* End PBXResourcesBuildPhase section */

/* Begin PBXShellScriptBuildPhase section */
		3916909464CC61051D498A19 /* [CP] Check Pods Manifest.lock */ = {
			isa = PBXShellScriptBuildPhase;
			buildActionMask = 2147483647;
			files = (
			);
			inputFileListPaths = (
			);
			inputPaths = (
				"${PODS_PODFILE_DIR_PATH}/Podfile.lock",
				"${PODS_ROOT}/Manifest.lock",
			);
			name = "[CP] Check Pods Manifest.lock";
			outputFileListPaths = (
			);
			outputPaths = (
				"$(DERIVED_FILE_DIR)/Pods-Dance_Course-checkManifestLockResult.txt",
			);
			runOnlyForDeploymentPostprocessing = 0;
			shellPath = /bin/sh;
			shellScript = "diff \"${PODS_PODFILE_DIR_PATH}/Podfile.lock\" \"${PODS_ROOT}/Manifest.lock\" > /dev/null\nif [ $? != 0 ] ; then\n    # print error to STDERR\n    echo \"error: The sandbox is not in sync with the Podfile.lock. Run 'pod install' or update your CocoaPods installation.\" >&2\n    exit 1\nfi\n# This output is used by Xcode 'outputs' to avoid re-running this script phase.\necho \"SUCCESS\" > \"${SCRIPT_OUTPUT_FILE_0}\"\n";
			showEnvVarsInLog = 0;
		};
		E423AF1066912E3CD08166B3 /* [CP] Embed Pods Frameworks */ = {
			isa = PBXShellScriptBuildPhase;
			buildActionMask = 2147483647;
			files = (
			);
			inputFileListPaths = (
				"${PODS_ROOT}/Target Support Files/Pods-Dance_Course/Pods-Dance_Course-frameworks-${CONFIGURATION}-input-files.xcfilelist",
			);
			name = "[CP] Embed Pods Frameworks";
			outputFileListPaths = (
				"${PODS_ROOT}/Target Support Files/Pods-Dance_Course/Pods-Dance_Course-frameworks-${CONFIGURATION}-output-files.xcfilelist",
			);
			runOnlyForDeploymentPostprocessing = 0;
			shellPath = /bin/sh;
			shellScript = "\"${PODS_ROOT}/Target Support Files/Pods-Dance_Course/Pods-Dance_Course-frameworks.sh\"\n";
			showEnvVarsInLog = 0;
		};
		EF8BC89A27B30CD1001A225E /* ShellScript */ = {
			isa = PBXShellScriptBuildPhase;
			buildActionMask = 2147483647;
			files = (
			);
			inputFileListPaths = (
			);
			inputPaths = (
				"$TEMP_DIR/rswift-lastrun",
			);
			outputFileListPaths = (
			);
			outputPaths = (
				$SRCROOT/R.generated.swift,
			);
			runOnlyForDeploymentPostprocessing = 0;
			shellPath = /bin/sh;
			shellScript = "\"$PODS_ROOT/R.swift/rswift\" generate \"$SRCROOT/R.generated.swift\"\n";
		};
/* End PBXShellScriptBuildPhase section */

/* Begin PBXSourcesBuildPhase section */
		EF8BC7FB27B2E39F001A225E /* Sources */ = {
			isa = PBXSourcesBuildPhase;
			buildActionMask = 2147483647;
			files = (
				EF8BC8BC27B436ED001A225E /* ViewPresentable.swift in Sources */,
				EF8BC89427B30776001A225E /* CoordinatorFactoryImp.swift in Sources */,
				EF8BC86E27B30249001A225E /* UIViewController+Extencion.swift in Sources */,
				EF8BC81B27B2E7E3001A225E /* ClosureTypealiases.swift in Sources */,
				EF8BC8B727B43641001A225E /* CustomNavigationView.swift in Sources */,
				EF8BC85F27B2FA53001A225E /* WaitingScreenView.swift in Sources */,
				EF8BC89C27B310ED001A225E /* R.generated.swift in Sources */,
				EF20F3C527C254FF00197067 /* SliderMenuSectionModel.swift in Sources */,
				EF20F3BF27C2521700197067 /* SliderMenuCell.swift in Sources */,
				EF0D500027B8572900B62482 /* ProfileModuleFactory.swift in Sources */,
				EF8BC82327B2E90C001A225E /* RouterImp.swift in Sources */,
				EF0D4FFE27B8567800B62482 /* ProfileCoordinator.swift in Sources */,
				EF8BC85727B2F956001A225E /* LoaderViewOutput.swift in Sources */,
				EF8BC83927B2F1EF001A225E /* Coordinator.swift in Sources */,
				EF2B99BD27BEB7A00059F6B6 /* UIFont+Extension.swift in Sources */,
				EF8BC8C127B43C64001A225E /* BaseNavigationView.swift in Sources */,
				EF2B99B227BEB1FE0059F6B6 /* TitleTableViewCell.swift in Sources */,
				EF8BC82B27B2EA2D001A225E /* UIDevice+Extension.swift in Sources */,
				EF8BC85B27B2F9FD001A225E /* BaseViewController.swift in Sources */,
				EF0D4FEA27B6BF5C00B62482 /* StoryboardsEnum.swift in Sources */,
				EF8BC86127B2FA78001A225E /* PrimaryView.swift in Sources */,
				EF8BC82D27B2EB4C001A225E /* UIViewController.swift in Sources */,
				EF8BC8B227B435E1001A225E /* NavigationViewFactory.swift in Sources */,
				EF8BC8D127B47829001A225E /* String+Extension.swift in Sources */,
				EF0D4FF627B8564000B62482 /* ProfileViewModel.swift in Sources */,
				EF8BC87E27B304B0001A225E /* DashboardViewInput.swift in Sources */,
				EF2B99CE27BEF8FA0059F6B6 /* DashboardContentViewModel.swift in Sources */,
				EF0D4FFA27B8565B00B62482 /* ProfileViewInput.swift in Sources */,
				EF8BC8C627B472E1001A225E /* TabbarView.swift in Sources */,
				EF2B99D027BEF9050059F6B6 /* ContentSectionModel.swift in Sources */,
				EF0D4FE827B6BF3100B62482 /* NSObject+Extension.swift in Sources */,
				EF8BC89727B30838001A225E /* ModuleFactoryImp.swift in Sources */,
				EF8BC8CD27B473D6001A225E /* TabbarViewModel.swift in Sources */,
				EF8BC84027B2F5CB001A225E /* BaseCoordinator.swift in Sources */,
				EF8BC8BA27B436A3001A225E /* NavigationButton.swift in Sources */,
				EF8BC87C27B3049F001A225E /* DashboardController.swift in Sources */,
				EF8BC81927B2E7B2001A225E /* Presentable.swift in Sources */,
				EF8BC86827B2FDE8001A225E /* LoaderModuleFactories.swift in Sources */,
				EF8BC86327B2FAC1001A225E /* UIView+Extension.swift in Sources */,
				EF8BC82827B2E989001A225E /* Constants.swift in Sources */,
				EF8BC83427B2EE70001A225E /* Coordinatable.swift in Sources */,
				EF8BC88427B30533001A225E /* CoordinatorInTabbarInitiable.swift in Sources */,
				EF0D4FFC27B8566A00B62482 /* ProfileViewOutput.swift in Sources */,
				EF8BC8CA27B47382001A225E /* TabbarCell.swift in Sources */,
				EF2B99C327BED0700059F6B6 /* DashboardContentCell.swift in Sources */,
				EF8BC86527B2FD74001A225E /* LoaderViewModel.swift in Sources */,
				EF0D4FF827B8564C00B62482 /* ProfileViewController.swift in Sources */,
				EF8BC86C27B301BD001A225E /* CustomNavigationController.swift in Sources */,
				EF8BC89E27B313B2001A225E /* NavigationBarHelper.swift in Sources */,
				EF2B99C627BED1AA0059F6B6 /* ContentCollectionCell.swift in Sources */,
				EF2B99BF27BEC86F0059F6B6 /* DashboardSectionModel.swift in Sources */,
				EF8BC88027B304C5001A225E /* DashboardViewOutput.swift in Sources */,
				EF8BC83B27B2F300001A225E /* MainCoordinator.swift in Sources */,
				EF8BC88227B304D5001A225E /* DashboardViewModel.swift in Sources */,
				EF8BC8CF27B47536001A225E /* Integer+Extension.swift in Sources */,
				EF8BC86A27B2FE50001A225E /* Dependencies.swift in Sources */,
				EF8BC82127B2E8E4001A225E /* Router.swift in Sources */,
				EF8BC87727B303E6001A225E /* DashboardCoordinator.swift in Sources */,
				EF8BC83127B2EBF1001A225E /* Wireframe.swift in Sources */,
				EF8BC8A227B314E0001A225E /* NavigationViewFactoryImp.swift in Sources */,
				EF8BC8A527B31564001A225E /* ModalNavigationBar.swift in Sources */,
				EF8BC88C27B3059F001A225E /* TabbarViewOutput.swift in Sources */,
				EF8BC81E27B2E84D001A225E /* LanguageController.swift in Sources */,
				EF8BC8BE27B438D1001A225E /* NavigationTargetViewPositionObservable.swift in Sources */,
				EF8BC8B027B434D9001A225E /* UIApplication+Extencion.swift in Sources */,
				EF8BC84427B2F737001A225E /* CoordinatorFactory.swift in Sources */,
				EF8BC85227B2F930001A225E /* LoaderController.swift in Sources */,
				EF8BC88A27B30592001A225E /* TabbarController.swift in Sources */,
				EF8BC85427B2F943001A225E /* LoaderViewInput.swift in Sources */,
				EF20F3C227C2534500197067 /* SliderMenuItemCell.swift in Sources */,
				EF8BC87927B30464001A225E /* DashboardModuleFactory.swift in Sources */,
				EF0D501827B982F900B62482 /* DashboardNavigationView.swift in Sources */,
				EF8BC8C327B43CAE001A225E /* NavigationButtonStateObservable.swift in Sources */,
				EF8BC85927B2F98E001A225E /* BaseView.swift in Sources */,
				EF8BC8A727B3157B001A225E /* ModalNavigationBarViewModel.swift in Sources */,
				EF0D501A27B9B19900B62482 /* UIWindow+Extension.swift in Sources */,
				EF8BC84F27B2F915001A225E /* LoaderCoordinator.swift in Sources */,
				EF8BC89027B30706001A225E /* TabbarCoordinator.swift in Sources */,
				EF20F3C727C2551B00197067 /* SliderMenuViewModel.swift in Sources */,
				EF8BC89927B308A6001A225E /* ModuleFactoryList.swift in Sources */,
				EF8BC88E27B305A5001A225E /* TabbarViewInput.swift in Sources */,
				EF8BC83D27B2F355001A225E /* AppDelegate.swift in Sources */,
				EF8BC83627B2EECF001A225E /* ApplicationCoordinator.swift in Sources */,
			);
			runOnlyForDeploymentPostprocessing = 0;
		};
/* End PBXSourcesBuildPhase section */

/* Begin PBXVariantGroup section */
		EF0D500727B86BC800B62482 /* Localizable.strings */ = {
			isa = PBXVariantGroup;
			children = (
				EF0D500627B86BC800B62482 /* ru */,
				EF0D500827B86BCC00B62482 /* en */,
			);
			name = Localizable.strings;
			sourceTree = "<group>";
		};
		EF8BC80D27B2E3A0001A225E /* LaunchScreen.storyboard */ = {
			isa = PBXVariantGroup;
			children = (
				EF8BC80E27B2E3A0001A225E /* Base */,
				EF0D500127B8678C00B62482 /* ru */,
			);
			name = LaunchScreen.storyboard;
			sourceTree = "<group>";
		};
/* End PBXVariantGroup section */

/* Begin XCBuildConfiguration section */
		EF8BC81127B2E3A0001A225E /* Debug */ = {
			isa = XCBuildConfiguration;
			buildSettings = {
				ALWAYS_SEARCH_USER_PATHS = NO;
				CLANG_ANALYZER_LOCALIZABILITY_NONLOCALIZED = YES;
				CLANG_ANALYZER_NONNULL = YES;
				CLANG_ANALYZER_NUMBER_OBJECT_CONVERSION = YES_AGGRESSIVE;
				CLANG_CXX_LANGUAGE_STANDARD = "gnu++14";
				CLANG_CXX_LIBRARY = "libc++";
				CLANG_ENABLE_MODULES = YES;
				CLANG_ENABLE_OBJC_ARC = YES;
				CLANG_ENABLE_OBJC_WEAK = YES;
				CLANG_WARN_BLOCK_CAPTURE_AUTORELEASING = YES;
				CLANG_WARN_BOOL_CONVERSION = YES;
				CLANG_WARN_COMMA = YES;
				CLANG_WARN_CONSTANT_CONVERSION = YES;
				CLANG_WARN_DEPRECATED_OBJC_IMPLEMENTATIONS = YES;
				CLANG_WARN_DIRECT_OBJC_ISA_USAGE = YES_ERROR;
				CLANG_WARN_DOCUMENTATION_COMMENTS = YES;
				CLANG_WARN_EMPTY_BODY = YES;
				CLANG_WARN_ENUM_CONVERSION = YES;
				CLANG_WARN_INFINITE_RECURSION = YES;
				CLANG_WARN_INT_CONVERSION = YES;
				CLANG_WARN_NON_LITERAL_NULL_CONVERSION = YES;
				CLANG_WARN_OBJC_IMPLICIT_RETAIN_SELF = YES;
				CLANG_WARN_OBJC_LITERAL_CONVERSION = YES;
				CLANG_WARN_OBJC_ROOT_CLASS = YES_ERROR;
				CLANG_WARN_QUOTED_INCLUDE_IN_FRAMEWORK_HEADER = YES;
				CLANG_WARN_RANGE_LOOP_ANALYSIS = YES;
				CLANG_WARN_STRICT_PROTOTYPES = YES;
				CLANG_WARN_SUSPICIOUS_MOVE = YES;
				CLANG_WARN_UNGUARDED_AVAILABILITY = YES_AGGRESSIVE;
				CLANG_WARN_UNREACHABLE_CODE = YES;
				CLANG_WARN__DUPLICATE_METHOD_MATCH = YES;
				COPY_PHASE_STRIP = NO;
				DEBUG_INFORMATION_FORMAT = dwarf;
				ENABLE_STRICT_OBJC_MSGSEND = YES;
				ENABLE_TESTABILITY = YES;
				GCC_C_LANGUAGE_STANDARD = gnu11;
				GCC_DYNAMIC_NO_PIC = NO;
				GCC_NO_COMMON_BLOCKS = YES;
				GCC_OPTIMIZATION_LEVEL = 0;
				GCC_PREPROCESSOR_DEFINITIONS = (
					"DEBUG=1",
					"$(inherited)",
				);
				GCC_WARN_64_TO_32_BIT_CONVERSION = YES;
				GCC_WARN_ABOUT_RETURN_TYPE = YES_ERROR;
				GCC_WARN_UNDECLARED_SELECTOR = YES;
				GCC_WARN_UNINITIALIZED_AUTOS = YES_AGGRESSIVE;
				GCC_WARN_UNUSED_FUNCTION = YES;
				GCC_WARN_UNUSED_VARIABLE = YES;
				IPHONEOS_DEPLOYMENT_TARGET = 14.5;
				MTL_ENABLE_DEBUG_INFO = INCLUDE_SOURCE;
				MTL_FAST_MATH = YES;
				ONLY_ACTIVE_ARCH = YES;
				SDKROOT = iphoneos;
				SWIFT_ACTIVE_COMPILATION_CONDITIONS = DEBUG;
				SWIFT_OPTIMIZATION_LEVEL = "-Onone";
			};
			name = Debug;
		};
		EF8BC81227B2E3A0001A225E /* Release */ = {
			isa = XCBuildConfiguration;
			buildSettings = {
				ALWAYS_SEARCH_USER_PATHS = NO;
				CLANG_ANALYZER_LOCALIZABILITY_NONLOCALIZED = YES;
				CLANG_ANALYZER_NONNULL = YES;
				CLANG_ANALYZER_NUMBER_OBJECT_CONVERSION = YES_AGGRESSIVE;
				CLANG_CXX_LANGUAGE_STANDARD = "gnu++14";
				CLANG_CXX_LIBRARY = "libc++";
				CLANG_ENABLE_MODULES = YES;
				CLANG_ENABLE_OBJC_ARC = YES;
				CLANG_ENABLE_OBJC_WEAK = YES;
				CLANG_WARN_BLOCK_CAPTURE_AUTORELEASING = YES;
				CLANG_WARN_BOOL_CONVERSION = YES;
				CLANG_WARN_COMMA = YES;
				CLANG_WARN_CONSTANT_CONVERSION = YES;
				CLANG_WARN_DEPRECATED_OBJC_IMPLEMENTATIONS = YES;
				CLANG_WARN_DIRECT_OBJC_ISA_USAGE = YES_ERROR;
				CLANG_WARN_DOCUMENTATION_COMMENTS = YES;
				CLANG_WARN_EMPTY_BODY = YES;
				CLANG_WARN_ENUM_CONVERSION = YES;
				CLANG_WARN_INFINITE_RECURSION = YES;
				CLANG_WARN_INT_CONVERSION = YES;
				CLANG_WARN_NON_LITERAL_NULL_CONVERSION = YES;
				CLANG_WARN_OBJC_IMPLICIT_RETAIN_SELF = YES;
				CLANG_WARN_OBJC_LITERAL_CONVERSION = YES;
				CLANG_WARN_OBJC_ROOT_CLASS = YES_ERROR;
				CLANG_WARN_QUOTED_INCLUDE_IN_FRAMEWORK_HEADER = YES;
				CLANG_WARN_RANGE_LOOP_ANALYSIS = YES;
				CLANG_WARN_STRICT_PROTOTYPES = YES;
				CLANG_WARN_SUSPICIOUS_MOVE = YES;
				CLANG_WARN_UNGUARDED_AVAILABILITY = YES_AGGRESSIVE;
				CLANG_WARN_UNREACHABLE_CODE = YES;
				CLANG_WARN__DUPLICATE_METHOD_MATCH = YES;
				COPY_PHASE_STRIP = NO;
				DEBUG_INFORMATION_FORMAT = "dwarf-with-dsym";
				ENABLE_NS_ASSERTIONS = NO;
				ENABLE_STRICT_OBJC_MSGSEND = YES;
				GCC_C_LANGUAGE_STANDARD = gnu11;
				GCC_NO_COMMON_BLOCKS = YES;
				GCC_WARN_64_TO_32_BIT_CONVERSION = YES;
				GCC_WARN_ABOUT_RETURN_TYPE = YES_ERROR;
				GCC_WARN_UNDECLARED_SELECTOR = YES;
				GCC_WARN_UNINITIALIZED_AUTOS = YES_AGGRESSIVE;
				GCC_WARN_UNUSED_FUNCTION = YES;
				GCC_WARN_UNUSED_VARIABLE = YES;
				IPHONEOS_DEPLOYMENT_TARGET = 14.5;
				MTL_ENABLE_DEBUG_INFO = NO;
				MTL_FAST_MATH = YES;
				SDKROOT = iphoneos;
				SWIFT_COMPILATION_MODE = wholemodule;
				SWIFT_OPTIMIZATION_LEVEL = "-O";
				VALIDATE_PRODUCT = YES;
			};
			name = Release;
		};
		EF8BC81427B2E3A0001A225E /* Debug */ = {
			isa = XCBuildConfiguration;
			baseConfigurationReference = 5F383CE9BFBF929F26B82D5E /* Pods-Dance_Course.debug.xcconfig */;
			buildSettings = {
				ASSETCATALOG_COMPILER_APPICON_NAME = AppIcon;
				ASSETCATALOG_COMPILER_GLOBAL_ACCENT_COLOR_NAME = AccentColor;
				CODE_SIGN_STYLE = Automatic;
				DEVELOPMENT_TEAM = 5UGG82HG32;
				INFOPLIST_FILE = Dance_Course/Info.plist;
				LD_RUNPATH_SEARCH_PATHS = (
					"$(inherited)",
					"@executable_path/Frameworks",
				);
				PRODUCT_BUNDLE_IDENTIFIER = "kalininArtemVal-gmail.com.Dance-Course";
				PRODUCT_NAME = "$(TARGET_NAME)";
				SWIFT_VERSION = 5.0;
				TARGETED_DEVICE_FAMILY = "1,2";
			};
			name = Debug;
		};
		EF8BC81527B2E3A0001A225E /* Release */ = {
			isa = XCBuildConfiguration;
			baseConfigurationReference = 707EF0C1ED30343C2D4D40F6 /* Pods-Dance_Course.release.xcconfig */;
			buildSettings = {
				ASSETCATALOG_COMPILER_APPICON_NAME = AppIcon;
				ASSETCATALOG_COMPILER_GLOBAL_ACCENT_COLOR_NAME = AccentColor;
				CODE_SIGN_STYLE = Automatic;
				DEVELOPMENT_TEAM = 5UGG82HG32;
				INFOPLIST_FILE = Dance_Course/Info.plist;
				LD_RUNPATH_SEARCH_PATHS = (
					"$(inherited)",
					"@executable_path/Frameworks",
				);
				PRODUCT_BUNDLE_IDENTIFIER = "kalininArtemVal-gmail.com.Dance-Course";
				PRODUCT_NAME = "$(TARGET_NAME)";
				SWIFT_VERSION = 5.0;
				TARGETED_DEVICE_FAMILY = "1,2";
			};
			name = Release;
		};
/* End XCBuildConfiguration section */

/* Begin XCConfigurationList section */
		EF8BC7FA27B2E39F001A225E /* Build configuration list for PBXProject "Dance_Course" */ = {
			isa = XCConfigurationList;
			buildConfigurations = (
				EF8BC81127B2E3A0001A225E /* Debug */,
				EF8BC81227B2E3A0001A225E /* Release */,
			);
			defaultConfigurationIsVisible = 0;
			defaultConfigurationName = Release;
		};
		EF8BC81327B2E3A0001A225E /* Build configuration list for PBXNativeTarget "Dance_Course" */ = {
			isa = XCConfigurationList;
			buildConfigurations = (
				EF8BC81427B2E3A0001A225E /* Debug */,
				EF8BC81527B2E3A0001A225E /* Release */,
			);
			defaultConfigurationIsVisible = 0;
			defaultConfigurationName = Release;
		};
/* End XCConfigurationList section */
	};
	rootObject = EF8BC7F727B2E39F001A225E /* Project object */;
}
